
Microsoft Visual Studio Solution File, Format Version 12.00
# Visual Studio Version 16
VisualStudioVersion = 16.0.29503.13
MinimumVisualStudioVersion = 10.0.40219.1
Project("{FAE04EC0-301F-11D3-BF4B-00C04F79EFBC}") = "IF4101_ProyectoFinal", "IF4101_ProyectoFinal.csproj", "{F527AD96-6970-4C83-9254-6E279B7C7C01}"
EndProject
Global
	GlobalSection(SolutionConfigurationPlatforms) = preSolution
		Debug|Any CPU = Debug|Any CPU
		Release|Any CPU = Release|Any CPU
	EndGlobalSection
	GlobalSection(ProjectConfigurationPlatforms) = postSolution
		{F527AD96-6970-4C83-9254-6E279B7C7C01}.Debug|Any CPU.ActiveCfg = Debug|Any CPU
		{F527AD96-6970-4C83-9254-6E279B7C7C01}.Debug|Any CPU.Build.0 = Debug|Any CPU
		{F527AD96-6970-4C83-9254-6E279B7C7C01}.Release|Any CPU.ActiveCfg = Release|Any CPU
		{F527AD96-6970-4C83-9254-6E279B7C7C01}.Release|Any CPU.Build.0 = Release|Any CPU
	EndGlobalSection
	GlobalSection(SolutionProperties) = preSolution
		HideSolutionNode = FALSE
	EndGlobalSection
	GlobalSection(ExtensibilityGlobals) = postSolution
		SolutionGuid = {AC1183B5-4D53-4ED5-9783-0F3D8A8072E5}
	EndGlobalSection
EndGlobal
